
Microsoft Visual Studio Solution File, Format Version 12.00
# Visual Studio Version 16
VisualStudioVersion = 16.0.30011.22
MinimumVisualStudioVersion = 10.0.40219.1
Project("{9A19103F-16F7-4668-BE54-9A1E7A4F7556}") = "CommentsProject", "src\CommentsProject\CommentsProject.csproj", "{575BFCB8-4574-4231-BB9A-F86A8EEC3B0B}"
EndProject
Project("{FAE04EC0-301F-11D3-BF4B-00C04F79EFBC}") = "CommentsProject.Tests", "tests\CommentsProject.Tests\CommentsProject.Tests.csproj", "{B5C72577-6BCF-4C19-8919-F6EBE1EF3271}"
EndProject
Global
	GlobalSection(SolutionConfigurationPlatforms) = preSolution
		Debug|Any CPU = Debug|Any CPU
		Release|Any CPU = Release|Any CPU
	EndGlobalSection
	GlobalSection(ProjectConfigurationPlatforms) = postSolution
		{575BFCB8-4574-4231-BB9A-F86A8EEC3B0B}.Debug|Any CPU.ActiveCfg = Debug|Any CPU
		{575BFCB8-4574-4231-BB9A-F86A8EEC3B0B}.Debug|Any CPU.Build.0 = Debug|Any CPU
		{575BFCB8-4574-4231-BB9A-F86A8EEC3B0B}.Release|Any CPU.ActiveCfg = Release|Any CPU
		{575BFCB8-4574-4231-BB9A-F86A8EEC3B0B}.Release|Any CPU.Build.0 = Release|Any CPU
		{B5C72577-6BCF-4C19-8919-F6EBE1EF3271}.Debug|Any CPU.ActiveCfg = Debug|Any CPU
		{B5C72577-6BCF-4C19-8919-F6EBE1EF3271}.Debug|Any CPU.Build.0 = Debug|Any CPU
		{B5C72577-6BCF-4C19-8919-F6EBE1EF3271}.Release|Any CPU.ActiveCfg = Release|Any CPU
		{B5C72577-6BCF-4C19-8919-F6EBE1EF3271}.Release|Any CPU.Build.0 = Release|Any CPU
	EndGlobalSection
	GlobalSection(SolutionProperties) = preSolution
		HideSolutionNode = FALSE
	EndGlobalSection
	GlobalSection(ExtensibilityGlobals) = postSolution
		SolutionGuid = {F2E291B9-5A35-4F1A-8A6A-C8FB62939CA8}
	EndGlobalSection
EndGlobal
